
Microsoft Visual Studio Solution File, Format Version 12.00
# Visual Studio Version 17
VisualStudioVersion = 17.14.36301.6 d17.14
MinimumVisualStudioVersion = 10.0.40219.1
Project("{FAE04EC0-301F-11D3-BF4B-00C04F79EFBC}") = "MvcWeb", "MvcWeb\MvcWeb.csproj", "{3056A435-9101-4BF1-9AB8-35E9D1587DED}"
EndProject
Global
	GlobalSection(SolutionConfigurationPlatforms) = preSolution
		Debug|Any CPU = Debug|Any CPU
		Release|Any CPU = Release|Any CPU
	EndGlobalSection
	GlobalSection(ProjectConfigurationPlatforms) = postSolution
		{3056A435-9101-4BF1-9AB8-35E9D1587DED}.Debug|Any CPU.ActiveCfg = Debug|Any CPU
		{3056A435-9101-4BF1-9AB8-35E9D1587DED}.Debug|Any CPU.Build.0 = Debug|Any CPU
		{3056A435-9101-4BF1-9AB8-35E9D1587DED}.Release|Any CPU.ActiveCfg = Release|Any CPU
		{3056A435-9101-4BF1-9AB8-35E9D1587DED}.Release|Any CPU.Build.0 = Release|Any CPU
	EndGlobalSection
	GlobalSection(SolutionProperties) = preSolution
		HideSolutionNode = FALSE
	EndGlobalSection
	GlobalSection(ExtensibilityGlobals) = postSolution
		SolutionGuid = {D495AF76-0187-41BE-8402-720AC60E48C4}
	EndGlobalSection
EndGlobal
